
Microsoft Visual Studio Solution File, Format Version 12.00
Project("{FAE04EC0-301F-11D3-BF4B-00C04F79EFBC}") = "RestApi", "RestApi\RestApi.csproj", "{878EC488-E834-4506-BDF7-16B6212384D1}"
EndProject
Project("{2150E333-8FDC-42A3-9474-1A3956D46DE8}") = "1 Rest", "1 Rest", "{667A2167-FEEB-4C0F-9A01-F5BD0548024C}"
EndProject
Project("{2150E333-8FDC-42A3-9474-1A3956D46DE8}") = "3 Grpc", "3 Grpc", "{7FBFCC3C-698E-47C8-9718-7EB181E54B95}"
EndProject
Project("{2150E333-8FDC-42A3-9474-1A3956D46DE8}") = "2 GraphQl", "2 GraphQl", "{B4AFD7AC-0294-4111-AA0D-623D1CD4269B}"
EndProject
Project("{FAE04EC0-301F-11D3-BF4B-00C04F79EFBC}") = "GrpcApi", "GrpcApi\GrpcApi.csproj", "{6D3B0CC6-A2C2-4C5E-86D6-0CFF64A4D5B8}"
EndProject
Project("{2150E333-8FDC-42A3-9474-1A3956D46DE8}") = "Grpc", "Grpc", "{4C09C5F4-2293-47F7-ADC3-DB0803673CF4}"
EndProject
Project("{FAE04EC0-301F-11D3-BF4B-00C04F79EFBC}") = "GrpcClient", "GrpcClient\GrpcClient.csproj", "{224841A4-5B2B-4096-A6DE-45A188665106}"
EndProject
Project("{2150E333-8FDC-42A3-9474-1A3956D46DE8}") = "GrpcJsonTranscoding", "GrpcJsonTranscoding", "{F51FF8C7-71FA-45B9-876B-E5D2709B69EF}"
EndProject
Project("{FAE04EC0-301F-11D3-BF4B-00C04F79EFBC}") = "GrpcApiJsonTranscoding", "GrpcApiJsonTranscoding\GrpcApiJsonTranscoding.csproj", "{601F1459-FF10-40A5-95C3-8EA287B26BD9}"
EndProject
Project("{FAE04EC0-301F-11D3-BF4B-00C04F79EFBC}") = "GraphQlApi", "GraphQlApi\GraphQlApi.csproj", "{1AFFDCD6-487B-4A70-B8FC-7E4B369468C1}"
EndProject
Project("{2150E333-8FDC-42A3-9474-1A3956D46DE8}") = "Solution Items", "Solution Items", "{2C6AB65A-86C8-4C5E-8E62-7D3BBF9A13F5}"
	ProjectSection(SolutionItems) = preProject
		README.md = README.md
	EndProjectSection
EndProject
Global
	GlobalSection(SolutionConfigurationPlatforms) = preSolution
		Debug|Any CPU = Debug|Any CPU
		Release|Any CPU = Release|Any CPU
	EndGlobalSection
	GlobalSection(ProjectConfigurationPlatforms) = postSolution
		{878EC488-E834-4506-BDF7-16B6212384D1}.Debug|Any CPU.ActiveCfg = Debug|Any CPU
		{878EC488-E834-4506-BDF7-16B6212384D1}.Debug|Any CPU.Build.0 = Debug|Any CPU
		{878EC488-E834-4506-BDF7-16B6212384D1}.Release|Any CPU.ActiveCfg = Release|Any CPU
		{878EC488-E834-4506-BDF7-16B6212384D1}.Release|Any CPU.Build.0 = Release|Any CPU
		{6D3B0CC6-A2C2-4C5E-86D6-0CFF64A4D5B8}.Debug|Any CPU.ActiveCfg = Debug|Any CPU
		{6D3B0CC6-A2C2-4C5E-86D6-0CFF64A4D5B8}.Debug|Any CPU.Build.0 = Debug|Any CPU
		{6D3B0CC6-A2C2-4C5E-86D6-0CFF64A4D5B8}.Release|Any CPU.ActiveCfg = Release|Any CPU
		{6D3B0CC6-A2C2-4C5E-86D6-0CFF64A4D5B8}.Release|Any CPU.Build.0 = Release|Any CPU
		{224841A4-5B2B-4096-A6DE-45A188665106}.Debug|Any CPU.ActiveCfg = Debug|Any CPU
		{224841A4-5B2B-4096-A6DE-45A188665106}.Debug|Any CPU.Build.0 = Debug|Any CPU
		{224841A4-5B2B-4096-A6DE-45A188665106}.Release|Any CPU.ActiveCfg = Release|Any CPU
		{224841A4-5B2B-4096-A6DE-45A188665106}.Release|Any CPU.Build.0 = Release|Any CPU
		{601F1459-FF10-40A5-95C3-8EA287B26BD9}.Debug|Any CPU.ActiveCfg = Debug|Any CPU
		{601F1459-FF10-40A5-95C3-8EA287B26BD9}.Debug|Any CPU.Build.0 = Debug|Any CPU
		{601F1459-FF10-40A5-95C3-8EA287B26BD9}.Release|Any CPU.ActiveCfg = Release|Any CPU
		{601F1459-FF10-40A5-95C3-8EA287B26BD9}.Release|Any CPU.Build.0 = Release|Any CPU
		{1AFFDCD6-487B-4A70-B8FC-7E4B369468C1}.Debug|Any CPU.ActiveCfg = Debug|Any CPU
		{1AFFDCD6-487B-4A70-B8FC-7E4B369468C1}.Debug|Any CPU.Build.0 = Debug|Any CPU
		{1AFFDCD6-487B-4A70-B8FC-7E4B369468C1}.Release|Any CPU.ActiveCfg = Release|Any CPU
		{1AFFDCD6-487B-4A70-B8FC-7E4B369468C1}.Release|Any CPU.Build.0 = Release|Any CPU
	EndGlobalSection
	GlobalSection(NestedProjects) = preSolution
		{878EC488-E834-4506-BDF7-16B6212384D1} = {667A2167-FEEB-4C0F-9A01-F5BD0548024C}
		{4C09C5F4-2293-47F7-ADC3-DB0803673CF4} = {7FBFCC3C-698E-47C8-9718-7EB181E54B95}
		{6D3B0CC6-A2C2-4C5E-86D6-0CFF64A4D5B8} = {4C09C5F4-2293-47F7-ADC3-DB0803673CF4}
		{224841A4-5B2B-4096-A6DE-45A188665106} = {4C09C5F4-2293-47F7-ADC3-DB0803673CF4}
		{F51FF8C7-71FA-45B9-876B-E5D2709B69EF} = {7FBFCC3C-698E-47C8-9718-7EB181E54B95}
		{601F1459-FF10-40A5-95C3-8EA287B26BD9} = {F51FF8C7-71FA-45B9-876B-E5D2709B69EF}
		{1AFFDCD6-487B-4A70-B8FC-7E4B369468C1} = {B4AFD7AC-0294-4111-AA0D-623D1CD4269B}
	EndGlobalSection
EndGlobal
